
Microsoft Visual Studio Solution File, Format Version 12.00
# Visual Studio 15
VisualStudioVersion = 15.0.26730.10
MinimumVisualStudioVersion = 10.0.40219.1
Project("{FAE04EC0-301F-11D3-BF4B-00C04F79EFBC}") = "elroy.crusade.dominio", "elroy.crusade.dominio\elroy.crusade.dominio.csproj", "{D8430C07-CB0F-4843-BE17-EA4A56725640}"
EndProject
Project("{FAE04EC0-301F-11D3-BF4B-00C04F79EFBC}") = "elroy.crusade.Infra", "elroy.crusade.bll\elroy.crusade.Infra.csproj", "{A6FC3105-5452-4EAF-957C-A10227B8A4EE}"
EndProject
Project("{FAE04EC0-301F-11D3-BF4B-00C04F79EFBC}") = "elroy.crusade.test", "elroy.crusade.test\elroy.crusade.test.csproj", "{611F0428-51E9-47BC-BF78-35B0267B7A29}"
EndProject
Project("{FAE04EC0-301F-11D3-BF4B-00C04F79EFBC}") = "elroy.crusade.API", "elroy.crusade.API\elroy.crusade.API.csproj", "{780981EF-29C3-4E6F-9DCD-65BE681B6E91}"
EndProject
Project("{FAE04EC0-301F-11D3-BF4B-00C04F79EFBC}") = "elroy.crusade.Aplicacao", "elroy.crusade.Aplicacao\elroy.crusade.Aplicacao.csproj", "{9A10A618-69C9-4993-88F3-228F80DD1EB4}"
EndProject
Global
	GlobalSection(SolutionConfigurationPlatforms) = preSolution
		Debug|Any CPU = Debug|Any CPU
		Release|Any CPU = Release|Any CPU
	EndGlobalSection
	GlobalSection(ProjectConfigurationPlatforms) = postSolution
		{D8430C07-CB0F-4843-BE17-EA4A56725640}.Debug|Any CPU.ActiveCfg = Debug|Any CPU
		{D8430C07-CB0F-4843-BE17-EA4A56725640}.Debug|Any CPU.Build.0 = Debug|Any CPU
		{D8430C07-CB0F-4843-BE17-EA4A56725640}.Release|Any CPU.ActiveCfg = Release|Any CPU
		{D8430C07-CB0F-4843-BE17-EA4A56725640}.Release|Any CPU.Build.0 = Release|Any CPU
		{A6FC3105-5452-4EAF-957C-A10227B8A4EE}.Debug|Any CPU.ActiveCfg = Debug|Any CPU
		{A6FC3105-5452-4EAF-957C-A10227B8A4EE}.Debug|Any CPU.Build.0 = Debug|Any CPU
		{A6FC3105-5452-4EAF-957C-A10227B8A4EE}.Release|Any CPU.ActiveCfg = Release|Any CPU
		{A6FC3105-5452-4EAF-957C-A10227B8A4EE}.Release|Any CPU.Build.0 = Release|Any CPU
		{611F0428-51E9-47BC-BF78-35B0267B7A29}.Debug|Any CPU.ActiveCfg = Debug|Any CPU
		{611F0428-51E9-47BC-BF78-35B0267B7A29}.Debug|Any CPU.Build.0 = Debug|Any CPU
		{611F0428-51E9-47BC-BF78-35B0267B7A29}.Release|Any CPU.ActiveCfg = Release|Any CPU
		{611F0428-51E9-47BC-BF78-35B0267B7A29}.Release|Any CPU.Build.0 = Release|Any CPU
		{780981EF-29C3-4E6F-9DCD-65BE681B6E91}.Debug|Any CPU.ActiveCfg = Debug|Any CPU
		{780981EF-29C3-4E6F-9DCD-65BE681B6E91}.Debug|Any CPU.Build.0 = Debug|Any CPU
		{780981EF-29C3-4E6F-9DCD-65BE681B6E91}.Release|Any CPU.ActiveCfg = Release|Any CPU
		{780981EF-29C3-4E6F-9DCD-65BE681B6E91}.Release|Any CPU.Build.0 = Release|Any CPU
		{9A10A618-69C9-4993-88F3-228F80DD1EB4}.Debug|Any CPU.ActiveCfg = Debug|Any CPU
		{9A10A618-69C9-4993-88F3-228F80DD1EB4}.Debug|Any CPU.Build.0 = Debug|Any CPU
		{9A10A618-69C9-4993-88F3-228F80DD1EB4}.Release|Any CPU.ActiveCfg = Release|Any CPU
		{9A10A618-69C9-4993-88F3-228F80DD1EB4}.Release|Any CPU.Build.0 = Release|Any CPU
	EndGlobalSection
	GlobalSection(SolutionProperties) = preSolution
		HideSolutionNode = FALSE
	EndGlobalSection
	GlobalSection(ExtensibilityGlobals) = postSolution
		SolutionGuid = {ED0D5BB2-B4F3-4481-B8CA-829A82AA00A3}
	EndGlobalSection
EndGlobal
